
Microsoft Visual Studio Solution File, Format Version 12.00
# Visual Studio Version 17
VisualStudioVersion = 17.6.33723.286
MinimumVisualStudioVersion = 10.0.40219.1
Project("{FAE04EC0-301F-11D3-BF4B-00C04F79EFBC}") = "Es array di ogetti", "Es array di ogetti\Es array di ogetti.csproj", "{E6D9DCD4-F12A-402B-81B0-30ACDF85F8F7}"
EndProject
Project("{FAE04EC0-301F-11D3-BF4B-00C04F79EFBC}") = "classe", "classe\classe.csproj", "{D671B819-E8D0-4CA8-9117-A264B6FEDA24}"
EndProject
Global
	GlobalSection(SolutionConfigurationPlatforms) = preSolution
		Debug|Any CPU = Debug|Any CPU
		Release|Any CPU = Release|Any CPU
	EndGlobalSection
	GlobalSection(ProjectConfigurationPlatforms) = postSolution
		{E6D9DCD4-F12A-402B-81B0-30ACDF85F8F7}.Debug|Any CPU.ActiveCfg = Debug|Any CPU
		{E6D9DCD4-F12A-402B-81B0-30ACDF85F8F7}.Debug|Any CPU.Build.0 = Debug|Any CPU
		{E6D9DCD4-F12A-402B-81B0-30ACDF85F8F7}.Release|Any CPU.ActiveCfg = Release|Any CPU
		{E6D9DCD4-F12A-402B-81B0-30ACDF85F8F7}.Release|Any CPU.Build.0 = Release|Any CPU
		{D671B819-E8D0-4CA8-9117-A264B6FEDA24}.Debug|Any CPU.ActiveCfg = Debug|Any CPU
		{D671B819-E8D0-4CA8-9117-A264B6FEDA24}.Debug|Any CPU.Build.0 = Debug|Any CPU
		{D671B819-E8D0-4CA8-9117-A264B6FEDA24}.Release|Any CPU.ActiveCfg = Release|Any CPU
		{D671B819-E8D0-4CA8-9117-A264B6FEDA24}.Release|Any CPU.Build.0 = Release|Any CPU
	EndGlobalSection
	GlobalSection(SolutionProperties) = preSolution
		HideSolutionNode = FALSE
	EndGlobalSection
	GlobalSection(ExtensibilityGlobals) = postSolution
		SolutionGuid = {9D5F2E3A-C8AC-4C53-BDCF-A06A672DA71C}
	EndGlobalSection
EndGlobal
